// !$*UTF8*$!
{
	archiveVersion = 1;
	classes = {
	};
	objectVersion = 46;
	objects = {

/* Begin PBXBuildFile section */
		522BCBD61DD6C18D0001B1BC /* main.m in Sources */ = {isa = PBXBuildFile; fileRef = 522BCBD51DD6C18D0001B1BC /* main.m */; };
		522BCBD91DD6C18D0001B1BC /* AppDelegate.m in Sources */ = {isa = PBXBuildFile; fileRef = 522BCBD81DD6C18D0001B1BC /* AppDelegate.m */; };
		522BCBDC1DD6C18D0001B1BC /* ViewController.m in Sources */ = {isa = PBXBuildFile; fileRef = 522BCBDB1DD6C18D0001B1BC /* ViewController.m */; };
		522BCBDF1DD6C18D0001B1BC /* Main.storyboard in Resources */ = {isa = PBXBuildFile; fileRef = 522BCBDD1DD6C18D0001B1BC /* Main.storyboard */; };
		522BCBE11DD6C18D0001B1BC /* Assets.xcassets in Resources */ = {isa = PBXBuildFile; fileRef = 522BCBE01DD6C18D0001B1BC /* Assets.xcassets */; };
		522BCBE41DD6C18D0001B1BC /* LaunchScreen.storyboard in Resources */ = {isa = PBXBuildFile; fileRef = 522BCBE21DD6C18D0001B1BC /* LaunchScreen.storyboard */; };
		522BCBF11DD6C3FE0001B1BC /* DrawViewController.m in Sources */ = {isa = PBXBuildFile; fileRef = 522BCBF01DD6C3FE0001B1BC /* DrawViewController.m */; };
/* End PBXBuildFile section */

/* Begin PBXFileReference section */
		522BCBD11DD6C18D0001B1BC /* Finger_Paint_App.app */ = {isa = PBXFileReference; explicitFileType = wrapper.application; includeInIndex = 0; path = Finger_Paint_App.app; sourceTree = BUILT_PRODUCTS_DIR; };
		522BCBD51DD6C18D0001B1BC /* main.m */ = {isa = PBXFileReference; lastKnownFileType = sourcecode.c.objc; path = main.m; sourceTree = "<group>"; };
		522BCBD71DD6C18D0001B1BC /* AppDelegate.h */ = {isa = PBXFileReference; lastKnownFileType = sourcecode.c.h; path = AppDelegate.h; sourceTree = "<group>"; };
		522BCBD81DD6C18D0001B1BC /* AppDelegate.m */ = {isa = PBXFileReference; lastKnownFileType = sourcecode.c.objc; path = AppDelegate.m; sourceTree = "<group>"; };
		522BCBDA1DD6C18D0001B1BC /* ViewController.h */ = {isa = PBXFileReference; lastKnownFileType = sourcecode.c.h; path = ViewController.h; sourceTree = "<group>"; };
		522BCBDB1DD6C18D0001B1BC /* ViewController.m */ = {isa = PBXFileReference; lastKnownFileType = sourcecode.c.objc; path = ViewController.m; sourceTree = "<group>"; };
		522BCBDE1DD6C18D0001B1BC /* Base */ = {isa = PBXFileReference; lastKnownFileType = file.storyboard; name = Base; path = Base.lproj/Main.storyboard; sourceTree = "<group>"; };
		522BCBE01DD6C18D0001B1BC /* Assets.xcassets */ = {isa = PBXFileReference; lastKnownFileType = folder.assetcatalog; path = Assets.xcassets; sourceTree = "<group>"; };
		522BCBE31DD6C18D0001B1BC /* Base */ = {isa = PBXFileReference; lastKnownFileType = file.storyboard; name = Base; path = Base.lproj/LaunchScreen.storyboard; sourceTree = "<group>"; };
		522BCBE51DD6C18D0001B1BC /* Info.plist */ = {isa = PBXFileReference; lastKnownFileType = text.plist.xml; path = Info.plist; sourceTree = "<group>"; };
		522BCBEF1DD6C3FE0001B1BC /* DrawViewController.h */ = {isa = PBXFileReference; fileEncoding = 4; lastKnownFileType = sourcecode.c.h; path = DrawViewController.h; sourceTree = "<group>"; };
		522BCBF01DD6C3FE0001B1BC /* DrawViewController.m */ = {isa = PBXFileReference; fileEncoding = 4; lastKnownFileType = sourcecode.c.objc; path = DrawViewController.m; sourceTree = "<group>"; };
/* End PBXFileReference section */

/* Begin PBXFrameworksBuildPhase section */
		522BCBCE1DD6C18D0001B1BC /* Frameworks */ = {
			isa = PBXFrameworksBuildPhase;
			buildActionMask = 2147483647;
			files = (
			);
			runOnlyForDeploymentPostprocessing = 0;
		};
/* End PBXFrameworksBuildPhase section */

/* Begin PBXGroup section */
		522BCBC81DD6C18D0001B1BC = {
			isa = PBXGroup;
			children = (
				522BCBD31DD6C18D0001B1BC /* Finger_Paint_App */,
				522BCBD21DD6C18D0001B1BC /* Products */,
			);
			sourceTree = "<group>";
		};
		522BCBD21DD6C18D0001B1BC /* Products */ = {
			isa = PBXGroup;
			children = (
				522BCBD11DD6C18D0001B1BC /* Finger_Paint_App.app */,
			);
			name = Products;
			sourceTree = "<group>";
		};
		522BCBD31DD6C18D0001B1BC /* Finger_Paint_App */ = {
			isa = PBXGroup;
			children = (
				522BCBEE1DD6C3B20001B1BC /* View */,
				522BCBED1DD6C3A60001B1BC /* Models */,
				522BCBEC1DD6C39F0001B1BC /* Controllers */,
				522BCBEB1DD6C39A0001B1BC /* UI */,
				522BCBD41DD6C18D0001B1BC /* Supporting Files */,
			);
			path = Finger_Paint_App;
			sourceTree = "<group>";
		};
		522BCBD41DD6C18D0001B1BC /* Supporting Files */ = {
			isa = PBXGroup;
			children = (
				522BCBE51DD6C18D0001B1BC /* Info.plist */,
				522BCBE01DD6C18D0001B1BC /* Assets.xcassets */,
				522BCBD51DD6C18D0001B1BC /* main.m */,
			);
			name = "Supporting Files";
			sourceTree = "<group>";
		};
		522BCBEB1DD6C39A0001B1BC /* UI */ = {
			isa = PBXGroup;
			children = (
				522BCBE21DD6C18D0001B1BC /* LaunchScreen.storyboard */,
				522BCBDD1DD6C18D0001B1BC /* Main.storyboard */,
			);
			name = UI;
			sourceTree = "<group>";
		};
		522BCBEC1DD6C39F0001B1BC /* Controllers */ = {
			isa = PBXGroup;
			children = (
				522BCBDA1DD6C18D0001B1BC /* ViewController.h */,
				522BCBDB1DD6C18D0001B1BC /* ViewController.m */,
				522BCBEF1DD6C3FE0001B1BC /* DrawViewController.h */,
				522BCBF01DD6C3FE0001B1BC /* DrawViewController.m */,
			);
			name = Controllers;
			sourceTree = "<group>";
		};
		522BCBED1DD6C3A60001B1BC /* Models */ = {
			isa = PBXGroup;
			children = (
				522BCBD71DD6C18D0001B1BC /* AppDelegate.h */,
				522BCBD81DD6C18D0001B1BC /* AppDelegate.m */,
			);
			name = Models;
			sourceTree = "<group>";
		};
		522BCBEE1DD6C3B20001B1BC /* View */ = {
			isa = PBXGroup;
			children = (
			);
			name = View;
			sourceTree = "<group>";
		};
/* End PBXGroup section */

/* Begin PBXNativeTarget section */
		522BCBD01DD6C18D0001B1BC /* Finger_Paint_App */ = {
			isa = PBXNativeTarget;
			buildConfigurationList = 522BCBE81DD6C18D0001B1BC /* Build configuration list for PBXNativeTarget "Finger_Paint_App" */;
			buildPhases = (
				522BCBCD1DD6C18D0001B1BC /* Sources */,
				522BCBCE1DD6C18D0001B1BC /* Frameworks */,
				522BCBCF1DD6C18D0001B1BC /* Resources */,
			);
			buildRules = (
			);
			dependencies = (
			);
			name = Finger_Paint_App;
			productName = Finger_Paint_App;
			productReference = 522BCBD11DD6C18D0001B1BC /* Finger_Paint_App.app */;
			productType = "com.apple.product-type.application";
		};
/* End PBXNativeTarget section */

/* Begin PBXProject section */
		522BCBC91DD6C18D0001B1BC /* Project object */ = {
			isa = PBXProject;
			attributes = {
				LastUpgradeCheck = 0810;
				ORGANIZATIONNAME = "Justine Herman";
				TargetAttributes = {
					522BCBD01DD6C18D0001B1BC = {
						CreatedOnToolsVersion = 8.1;
						ProvisioningStyle = Automatic;
					};
				};
			};
			buildConfigurationList = 522BCBCC1DD6C18D0001B1BC /* Build configuration list for PBXProject "Finger_Paint_App" */;
			compatibilityVersion = "Xcode 3.2";
			developmentRegion = English;
			hasScannedForEncodings = 0;
			knownRegions = (
				en,
				Base,
			);
			mainGroup = 522BCBC81DD6C18D0001B1BC;
			productRefGroup = 522BCBD21DD6C18D0001B1BC /* Products */;
			projectDirPath = "";
			projectRoot = "";
			targets = (
				522BCBD01DD6C18D0001B1BC /* Finger_Paint_App */,
			);
		};
/* End PBXProject section */

/* Begin PBXResourcesBuildPhase section */
		522BCBCF1DD6C18D0001B1BC /* Resources */ = {
			isa = PBXResourcesBuildPhase;
			buildActionMask = 2147483647;
			files = (
				522BCBE41DD6C18D0001B1BC /* LaunchScreen.storyboard in Resources */,
				522BCBE11DD6C18D0001B1BC /* Assets.xcassets in Resources */,
				522BCBDF1DD6C18D0001B1BC /* Main.storyboard in Resources */,
			);
			runOnlyForDeploymentPostprocessing = 0;
		};
/* End PBXResourcesBuildPhase section */

/* Begin PBXSourcesBuildPhase section */
		522BCBCD1DD6C18D0001B1BC /* Sources */ = {
			isa = PBXSourcesBuildPhase;
			buildActionMask = 2147483647;
			files = (
				522BCBF11DD6C3FE0001B1BC /* DrawViewController.m in Sources */,
				522BCBDC1DD6C18D0001B1BC /* ViewController.m in Sources */,
				522BCBD91DD6C18D0001B1BC /* AppDelegate.m in Sources */,
				522BCBD61DD6C18D0001B1BC /* main.m in Sources */,
			);
			runOnlyForDeploymentPostprocessing = 0;
		};
/* End PBXSourcesBuildPhase section */

/* Begin PBXVariantGroup section */
		522BCBDD1DD6C18D0001B1BC /* Main.storyboard */ = {
			isa = PBXVariantGroup;
			children = (
				522BCBDE1DD6C18D0001B1BC /* Base */,
			);
			name = Main.storyboard;
			sourceTree = "<group>";
		};
		522BCBE21DD6C18D0001B1BC /* LaunchScreen.storyboard */ = {
			isa = PBXVariantGroup;
			children = (
				522BCBE31DD6C18D0001B1BC /* Base */,
			);
			name = LaunchScreen.storyboard;
			sourceTree = "<group>";
		};
/* End PBXVariantGroup section */

/* Begin XCBuildConfiguration section */
		522BCBE61DD6C18D0001B1BC /* Debug */ = {
			isa = XCBuildConfiguration;
			buildSettings = {
				ALWAYS_SEARCH_USER_PATHS = NO;
				CLANG_ANALYZER_NONNULL = YES;
				CLANG_CXX_LANGUAGE_STANDARD = "gnu++0x";
				CLANG_CXX_LIBRARY = "libc++";
				CLANG_ENABLE_MODULES = YES;
				CLANG_ENABLE_OBJC_ARC = YES;
				CLANG_WARN_BOOL_CONVERSION = YES;
				CLANG_WARN_CONSTANT_CONVERSION = YES;
				CLANG_WARN_DIRECT_OBJC_ISA_USAGE = YES_ERROR;
				CLANG_WARN_DOCUMENTATION_COMMENTS = YES;
				CLANG_WARN_EMPTY_BODY = YES;
				CLANG_WARN_ENUM_CONVERSION = YES;
				CLANG_WARN_INFINITE_RECURSION = YES;
				CLANG_WARN_INT_CONVERSION = YES;
				CLANG_WARN_OBJC_ROOT_CLASS = YES_ERROR;
				CLANG_WARN_SUSPICIOUS_MOVES = YES;
				CLANG_WARN_UNREACHABLE_CODE = YES;
				CLANG_WARN__DUPLICATE_METHOD_MATCH = YES;
				"CODE_SIGN_IDENTITY[sdk=iphoneos*]" = "iPhone Developer";
				COPY_PHASE_STRIP = NO;
				DEBUG_INFORMATION_FORMAT = dwarf;
				ENABLE_STRICT_OBJC_MSGSEND = YES;
				ENABLE_TESTABILITY = YES;
				GCC_C_LANGUAGE_STANDARD = gnu99;
				GCC_DYNAMIC_NO_PIC = NO;
				GCC_NO_COMMON_BLOCKS = YES;
				GCC_OPTIMIZATION_LEVEL = 0;
				GCC_PREPROCESSOR_DEFINITIONS = (
					"DEBUG=1",
					"$(inherited)",
				);
				GCC_WARN_64_TO_32_BIT_CONVERSION = YES;
				GCC_WARN_ABOUT_RETURN_TYPE = YES_ERROR;
				GCC_WARN_UNDECLARED_SELECTOR = YES;
				GCC_WARN_UNINITIALIZED_AUTOS = YES_AGGRESSIVE;
				GCC_WARN_UNUSED_FUNCTION = YES;
				GCC_WARN_UNUSED_VARIABLE = YES;
				IPHONEOS_DEPLOYMENT_TARGET = 10.1;
				MTL_ENABLE_DEBUG_INFO = YES;
				ONLY_ACTIVE_ARCH = YES;
				SDKROOT = iphoneos;
			};
			name = Debug;
		};
		522BCBE71DD6C18D0001B1BC /* Release */ = {
			isa = XCBuildConfiguration;
			buildSettings = {
				ALWAYS_SEARCH_USER_PATHS = NO;
				CLANG_ANALYZER_NONNULL = YES;
				CLANG_CXX_LANGUAGE_STANDARD = "gnu++0x";
				CLANG_CXX_LIBRARY = "libc++";
				CLANG_ENABLE_MODULES = YES;
				CLANG_ENABLE_OBJC_ARC = YES;
				CLANG_WARN_BOOL_CONVERSION = YES;
				CLANG_WARN_CONSTANT_CONVERSION = YES;
				CLANG_WARN_DIRECT_OBJC_ISA_USAGE = YES_ERROR;
				CLANG_WARN_DOCUMENTATION_COMMENTS = YES;
				CLANG_WARN_EMPTY_BODY = YES;
				CLANG_WARN_ENUM_CONVERSION = YES;
				CLANG_WARN_INFINITE_RECURSION = YES;
				CLANG_WARN_INT_CONVERSION = YES;
				CLANG_WARN_OBJC_ROOT_CLASS = YES_ERROR;
				CLANG_WARN_SUSPICIOUS_MOVES = YES;
				CLANG_WARN_UNREACHABLE_CODE = YES;
				CLANG_WARN__DUPLICATE_METHOD_MATCH = YES;
				"CODE_SIGN_IDENTITY[sdk=iphoneos*]" = "iPhone Developer";
				COPY_PHASE_STRIP = NO;
				DEBUG_INFORMATION_FORMAT = "dwarf-with-dsym";
				ENABLE_NS_ASSERTIONS = NO;
				ENABLE_STRICT_OBJC_MSGSEND = YES;
				GCC_C_LANGUAGE_STANDARD = gnu99;
				GCC_NO_COMMON_BLOCKS = YES;
				GCC_WARN_64_TO_32_BIT_CONVERSION = YES;
				GCC_WARN_ABOUT_RETURN_TYPE = YES_ERROR;
				GCC_WARN_UNDECLARED_SELECTOR = YES;
				GCC_WARN_UNINITIALIZED_AUTOS = YES_AGGRESSIVE;
				GCC_WARN_UNUSED_FUNCTION = YES;
				GCC_WARN_UNUSED_VARIABLE = YES;
				IPHONEOS_DEPLOYMENT_TARGET = 10.1;
				MTL_ENABLE_DEBUG_INFO = NO;
				SDKROOT = iphoneos;
				VALIDATE_PRODUCT = YES;
			};
			name = Release;
		};
		522BCBE91DD6C18D0001B1BC /* Debug */ = {
			isa = XCBuildConfiguration;
			buildSettings = {
				ASSETCATALOG_COMPILER_APPICON_NAME = AppIcon;
				INFOPLIST_FILE = Finger_Paint_App/Info.plist;
				LD_RUNPATH_SEARCH_PATHS = "$(inherited) @executable_path/Frameworks";
				PRODUCT_BUNDLE_IDENTIFIER = "com.justineherman.Finger-Paint-App";
				PRODUCT_NAME = "$(TARGET_NAME)";
			};
			name = Debug;
		};
		522BCBEA1DD6C18D0001B1BC /* Release */ = {
			isa = XCBuildConfiguration;
			buildSettings = {
				ASSETCATALOG_COMPILER_APPICON_NAME = AppIcon;
				INFOPLIST_FILE = Finger_Paint_App/Info.plist;
				LD_RUNPATH_SEARCH_PATHS = "$(inherited) @executable_path/Frameworks";
				PRODUCT_BUNDLE_IDENTIFIER = "com.justineherman.Finger-Paint-App";
				PRODUCT_NAME = "$(TARGET_NAME)";
			};
			name = Release;
		};
/* End XCBuildConfiguration section */

/* Begin XCConfigurationList section */
		522BCBCC1DD6C18D0001B1BC /* Build configuration list for PBXProject "Finger_Paint_App" */ = {
			isa = XCConfigurationList;
			buildConfigurations = (
				522BCBE61DD6C18D0001B1BC /* Debug */,
				522BCBE71DD6C18D0001B1BC /* Release */,
			);
			defaultConfigurationIsVisible = 0;
			defaultConfigurationName = Release;
		};
		522BCBE81DD6C18D0001B1BC /* Build configuration list for PBXNativeTarget "Finger_Paint_App" */ = {
			isa = XCConfigurationList;
			buildConfigurations = (
				522BCBE91DD6C18D0001B1BC /* Debug */,
				522BCBEA1DD6C18D0001B1BC /* Release */,
			);
			defaultConfigurationIsVisible = 0;
		};
/* End XCConfigurationList section */
	};
	rootObject = 522BCBC91DD6C18D0001B1BC /* Project object */;
}
